// !$*UTF8*$!
{
	archiveVersion = 1;
	classes = {
	};
	objectVersion = 50;
	objects = {

/* Begin PBXBuildFile section */
		8B904919243DB50400071324 /* AppDelegate.swift in Sources */ = {isa = PBXBuildFile; fileRef = 8B904918243DB50400071324 /* AppDelegate.swift */; };
		8B90491B243DB50400071324 /* SceneDelegate.swift in Sources */ = {isa = PBXBuildFile; fileRef = 8B90491A243DB50400071324 /* SceneDelegate.swift */; };
		8B90491D243DB50400071324 /* ContentView.swift in Sources */ = {isa = PBXBuildFile; fileRef = 8B90491C243DB50400071324 /* ContentView.swift */; };
		8B90491F243DB50600071324 /* Assets.xcassets in Resources */ = {isa = PBXBuildFile; fileRef = 8B90491E243DB50600071324 /* Assets.xcassets */; };
		8B904922243DB50600071324 /* Preview Assets.xcassets in Resources */ = {isa = PBXBuildFile; fileRef = 8B904921243DB50600071324 /* Preview Assets.xcassets */; };
		8B904925243DB50600071324 /* LaunchScreen.storyboard in Resources */ = {isa = PBXBuildFile; fileRef = 8B904923243DB50600071324 /* LaunchScreen.storyboard */; };
		8B904930243DB50600071324 /* Covid19Tests.swift in Sources */ = {isa = PBXBuildFile; fileRef = 8B90492F243DB50600071324 /* Covid19Tests.swift */; };
		8B90493B243DB50600071324 /* Covid19UITests.swift in Sources */ = {isa = PBXBuildFile; fileRef = 8B90493A243DB50600071324 /* Covid19UITests.swift */; };
		8B904949243E3D2E00071324 /* CircleImage.swift in Sources */ = {isa = PBXBuildFile; fileRef = 8B904948243E3D2E00071324 /* CircleImage.swift */; };
		8B90494B243E416D00071324 /* MapView.swift in Sources */ = {isa = PBXBuildFile; fileRef = 8B90494A243E416D00071324 /* MapView.swift */; };
		8B90494D243E4ABD00071324 /* Bodymark.swift in Sources */ = {isa = PBXBuildFile; fileRef = 8B90494C243E4ABD00071324 /* Bodymark.swift */; };
		8B904952243E4F5300071324 /* Data.swift in Sources */ = {isa = PBXBuildFile; fileRef = 8B904951243E4F5300071324 /* Data.swift */; };
		8B904955243E4FEB00071324 /* bodyData.json in Resources */ = {isa = PBXBuildFile; fileRef = 8B904954243E4FEB00071324 /* bodyData.json */; };
		8B904958243E635C00071324 /* RadioButtons.swift in Sources */ = {isa = PBXBuildFile; fileRef = 8B904957243E635C00071324 /* RadioButtons.swift */; };
/* End PBXBuildFile section */

/* Begin PBXContainerItemProxy section */
		8B90492C243DB50600071324 /* PBXContainerItemProxy */ = {
			isa = PBXContainerItemProxy;
			containerPortal = 8B90490D243DB50400071324 /* Project object */;
			proxyType = 1;
			remoteGlobalIDString = 8B904914243DB50400071324;
			remoteInfo = Covid19;
		};
		8B904937243DB50600071324 /* PBXContainerItemProxy */ = {
			isa = PBXContainerItemProxy;
			containerPortal = 8B90490D243DB50400071324 /* Project object */;
			proxyType = 1;
			remoteGlobalIDString = 8B904914243DB50400071324;
			remoteInfo = Covid19;
		};
/* End PBXContainerItemProxy section */

/* Begin PBXFileReference section */
		8B904915243DB50400071324 /* Covid19.app */ = {isa = PBXFileReference; explicitFileType = wrapper.application; includeInIndex = 0; path = Covid19.app; sourceTree = BUILT_PRODUCTS_DIR; };
		8B904918243DB50400071324 /* AppDelegate.swift */ = {isa = PBXFileReference; lastKnownFileType = sourcecode.swift; path = AppDelegate.swift; sourceTree = "<group>"; };
		8B90491A243DB50400071324 /* SceneDelegate.swift */ = {isa = PBXFileReference; lastKnownFileType = sourcecode.swift; path = SceneDelegate.swift; sourceTree = "<group>"; };
		8B90491C243DB50400071324 /* ContentView.swift */ = {isa = PBXFileReference; lastKnownFileType = sourcecode.swift; path = ContentView.swift; sourceTree = "<group>"; };
		8B90491E243DB50600071324 /* Assets.xcassets */ = {isa = PBXFileReference; lastKnownFileType = folder.assetcatalog; path = Assets.xcassets; sourceTree = "<group>"; };
		8B904921243DB50600071324 /* Preview Assets.xcassets */ = {isa = PBXFileReference; lastKnownFileType = folder.assetcatalog; path = "Preview Assets.xcassets"; sourceTree = "<group>"; };
		8B904924243DB50600071324 /* Base */ = {isa = PBXFileReference; lastKnownFileType = file.storyboard; name = Base; path = Base.lproj/LaunchScreen.storyboard; sourceTree = "<group>"; };
		8B904926243DB50600071324 /* Info.plist */ = {isa = PBXFileReference; lastKnownFileType = text.plist.xml; path = Info.plist; sourceTree = "<group>"; };
		8B90492B243DB50600071324 /* Covid19Tests.xctest */ = {isa = PBXFileReference; explicitFileType = wrapper.cfbundle; includeInIndex = 0; path = Covid19Tests.xctest; sourceTree = BUILT_PRODUCTS_DIR; };
		8B90492F243DB50600071324 /* Covid19Tests.swift */ = {isa = PBXFileReference; lastKnownFileType = sourcecode.swift; path = Covid19Tests.swift; sourceTree = "<group>"; };
		8B904931243DB50600071324 /* Info.plist */ = {isa = PBXFileReference; lastKnownFileType = text.plist.xml; path = Info.plist; sourceTree = "<group>"; };
		8B904936243DB50600071324 /* Covid19UITests.xctest */ = {isa = PBXFileReference; explicitFileType = wrapper.cfbundle; includeInIndex = 0; path = Covid19UITests.xctest; sourceTree = BUILT_PRODUCTS_DIR; };
		8B90493A243DB50600071324 /* Covid19UITests.swift */ = {isa = PBXFileReference; lastKnownFileType = sourcecode.swift; path = Covid19UITests.swift; sourceTree = "<group>"; };
		8B90493C243DB50600071324 /* Info.plist */ = {isa = PBXFileReference; lastKnownFileType = text.plist.xml; path = Info.plist; sourceTree = "<group>"; };
		8B904948243E3D2E00071324 /* CircleImage.swift */ = {isa = PBXFileReference; lastKnownFileType = sourcecode.swift; path = CircleImage.swift; sourceTree = "<group>"; };
		8B90494A243E416D00071324 /* MapView.swift */ = {isa = PBXFileReference; lastKnownFileType = sourcecode.swift; path = MapView.swift; sourceTree = "<group>"; };
		8B90494C243E4ABD00071324 /* Bodymark.swift */ = {isa = PBXFileReference; lastKnownFileType = sourcecode.swift; path = Bodymark.swift; sourceTree = "<group>"; };
		8B904951243E4F5300071324 /* Data.swift */ = {isa = PBXFileReference; lastKnownFileType = sourcecode.swift; path = Data.swift; sourceTree = "<group>"; };
		8B904954243E4FEB00071324 /* bodyData.json */ = {isa = PBXFileReference; lastKnownFileType = text.json; path = bodyData.json; sourceTree = "<group>"; };
		8B904957243E635C00071324 /* RadioButtons.swift */ = {isa = PBXFileReference; lastKnownFileType = sourcecode.swift; path = RadioButtons.swift; sourceTree = "<group>"; };
/* End PBXFileReference section */

/* Begin PBXFrameworksBuildPhase section */
		8B904912243DB50400071324 /* Frameworks */ = {
			isa = PBXFrameworksBuildPhase;
			buildActionMask = 2147483647;
			files = (
			);
			runOnlyForDeploymentPostprocessing = 0;
		};
		8B904928243DB50600071324 /* Frameworks */ = {
			isa = PBXFrameworksBuildPhase;
			buildActionMask = 2147483647;
			files = (
			);
			runOnlyForDeploymentPostprocessing = 0;
		};
		8B904933243DB50600071324 /* Frameworks */ = {
			isa = PBXFrameworksBuildPhase;
			buildActionMask = 2147483647;
			files = (
			);
			runOnlyForDeploymentPostprocessing = 0;
		};
/* End PBXFrameworksBuildPhase section */

/* Begin PBXGroup section */
		8B90490C243DB50400071324 = {
			isa = PBXGroup;
			children = (
				8B904917243DB50400071324 /* Covid19 */,
				8B90492E243DB50600071324 /* Covid19Tests */,
				8B904939243DB50600071324 /* Covid19UITests */,
				8B904916243DB50400071324 /* Products */,
			);
			sourceTree = "<group>";
		};
		8B904916243DB50400071324 /* Products */ = {
			isa = PBXGroup;
			children = (
				8B904915243DB50400071324 /* Covid19.app */,
				8B90492B243DB50600071324 /* Covid19Tests.xctest */,
				8B904936243DB50600071324 /* Covid19UITests.xctest */,
			);
			name = Products;
			sourceTree = "<group>";
		};
		8B904917243DB50400071324 /* Covid19 */ = {
			isa = PBXGroup;
			children = (
				8B904953243E4F9A00071324 /* Recources */,
				8B904918243DB50400071324 /* AppDelegate.swift */,
				8B90491A243DB50400071324 /* SceneDelegate.swift */,
				8B90491C243DB50400071324 /* ContentView.swift */,
				8B904957243E635C00071324 /* RadioButtons.swift */,
				8B904956243E553200071324 /* Models */,
				8B90491E243DB50600071324 /* Assets.xcassets */,
				8B904923243DB50600071324 /* LaunchScreen.storyboard */,
				8B904926243DB50600071324 /* Info.plist */,
				8B904920243DB50600071324 /* Preview Content */,
				8B904948243E3D2E00071324 /* CircleImage.swift */,
				8B90494A243E416D00071324 /* MapView.swift */,
			);
			path = Covid19;
			sourceTree = "<group>";
		};
		8B904920243DB50600071324 /* Preview Content */ = {
			isa = PBXGroup;
			children = (
				8B904921243DB50600071324 /* Preview Assets.xcassets */,
			);
			path = "Preview Content";
			sourceTree = "<group>";
		};
		8B90492E243DB50600071324 /* Covid19Tests */ = {
			isa = PBXGroup;
			children = (
				8B90492F243DB50600071324 /* Covid19Tests.swift */,
				8B904931243DB50600071324 /* Info.plist */,
			);
			path = Covid19Tests;
			sourceTree = "<group>";
		};
		8B904939243DB50600071324 /* Covid19UITests */ = {
			isa = PBXGroup;
			children = (
				8B90493A243DB50600071324 /* Covid19UITests.swift */,
				8B90493C243DB50600071324 /* Info.plist */,
			);
			path = Covid19UITests;
			sourceTree = "<group>";
		};
		8B904953243E4F9A00071324 /* Recources */ = {
			isa = PBXGroup;
			children = (
				8B904954243E4FEB00071324 /* bodyData.json */,
			);
			path = Recources;
			sourceTree = "<group>";
		};
		8B904956243E553200071324 /* Models */ = {
			isa = PBXGroup;
			children = (
				8B90494C243E4ABD00071324 /* Bodymark.swift */,
				8B904951243E4F5300071324 /* Data.swift */,
			);
			path = Models;
			sourceTree = "<group>";
		};
/* End PBXGroup section */

/* Begin PBXNativeTarget section */
		8B904914243DB50400071324 /* Covid19 */ = {
			isa = PBXNativeTarget;
			buildConfigurationList = 8B90493F243DB50700071324 /* Build configuration list for PBXNativeTarget "Covid19" */;
			buildPhases = (
				8B904911243DB50400071324 /* Sources */,
				8B904912243DB50400071324 /* Frameworks */,
				8B904913243DB50400071324 /* Resources */,
			);
			buildRules = (
			);
			dependencies = (
			);
			name = Covid19;
			packageProductDependencies = (
			);
			productName = Covid19;
			productReference = 8B904915243DB50400071324 /* Covid19.app */;
			productType = "com.apple.product-type.application";
		};
		8B90492A243DB50600071324 /* Covid19Tests */ = {
			isa = PBXNativeTarget;
			buildConfigurationList = 8B904942243DB50700071324 /* Build configuration list for PBXNativeTarget "Covid19Tests" */;
			buildPhases = (
				8B904927243DB50600071324 /* Sources */,
				8B904928243DB50600071324 /* Frameworks */,
				8B904929243DB50600071324 /* Resources */,
			);
			buildRules = (
			);
			dependencies = (
				8B90492D243DB50600071324 /* PBXTargetDependency */,
			);
			name = Covid19Tests;
			productName = Covid19Tests;
			productReference = 8B90492B243DB50600071324 /* Covid19Tests.xctest */;
			productType = "com.apple.product-type.bundle.unit-test";
		};
		8B904935243DB50600071324 /* Covid19UITests */ = {
			isa = PBXNativeTarget;
			buildConfigurationList = 8B904945243DB50700071324 /* Build configuration list for PBXNativeTarget "Covid19UITests" */;
			buildPhases = (
				8B904932243DB50600071324 /* Sources */,
				8B904933243DB50600071324 /* Frameworks */,
				8B904934243DB50600071324 /* Resources */,
			);
			buildRules = (
			);
			dependencies = (
				8B904938243DB50600071324 /* PBXTargetDependency */,
			);
			name = Covid19UITests;
			productName = Covid19UITests;
			productReference = 8B904936243DB50600071324 /* Covid19UITests.xctest */;
			productType = "com.apple.product-type.bundle.ui-testing";
		};
/* End PBXNativeTarget section */

/* Begin PBXProject section */
		8B90490D243DB50400071324 /* Project object */ = {
			isa = PBXProject;
			attributes = {
				LastSwiftUpdateCheck = 1130;
				LastUpgradeCheck = 1130;
				ORGANIZATIONNAME = "CMKL-CIE Covid";
				TargetAttributes = {
					8B904914243DB50400071324 = {
						CreatedOnToolsVersion = 11.3.1;
					};
					8B90492A243DB50600071324 = {
						CreatedOnToolsVersion = 11.3.1;
						TestTargetID = 8B904914243DB50400071324;
					};
					8B904935243DB50600071324 = {
						CreatedOnToolsVersion = 11.3.1;
						TestTargetID = 8B904914243DB50400071324;
					};
				};
			};
			buildConfigurationList = 8B904910243DB50400071324 /* Build configuration list for PBXProject "Covid19" */;
			compatibilityVersion = "Xcode 9.3";
			developmentRegion = en;
			hasScannedForEncodings = 0;
			knownRegions = (
				en,
				Base,
			);
			mainGroup = 8B90490C243DB50400071324;
			packageReferences = (
			);
			productRefGroup = 8B904916243DB50400071324 /* Products */;
			projectDirPath = "";
			projectRoot = "";
			targets = (
				8B904914243DB50400071324 /* Covid19 */,
				8B90492A243DB50600071324 /* Covid19Tests */,
				8B904935243DB50600071324 /* Covid19UITests */,
			);
		};
/* End PBXProject section */

/* Begin PBXResourcesBuildPhase section */
		8B904913243DB50400071324 /* Resources */ = {
			isa = PBXResourcesBuildPhase;
			buildActionMask = 2147483647;
			files = (
				8B904925243DB50600071324 /* LaunchScreen.storyboard in Resources */,
				8B904955243E4FEB00071324 /* bodyData.json in Resources */,
				8B904922243DB50600071324 /* Preview Assets.xcassets in Resources */,
				8B90491F243DB50600071324 /* Assets.xcassets in Resources */,
			);
			runOnlyForDeploymentPostprocessing = 0;
		};
		8B904929243DB50600071324 /* Resources */ = {
			isa = PBXResourcesBuildPhase;
			buildActionMask = 2147483647;
			files = (
			);
			runOnlyForDeploymentPostprocessing = 0;
		};
		8B904934243DB50600071324 /* Resources */ = {
			isa = PBXResourcesBuildPhase;
			buildActionMask = 2147483647;
			files = (
			);
			runOnlyForDeploymentPostprocessing = 0;
		};
/* End PBXResourcesBuildPhase section */

/* Begin PBXSourcesBuildPhase section */
		8B904911243DB50400071324 /* Sources */ = {
			isa = PBXSourcesBuildPhase;
			buildActionMask = 2147483647;
			files = (
				8B904952243E4F5300071324 /* Data.swift in Sources */,
				8B904919243DB50400071324 /* AppDelegate.swift in Sources */,
				8B904949243E3D2E00071324 /* CircleImage.swift in Sources */,
				8B904958243E635C00071324 /* RadioButtons.swift in Sources */,
				8B90494D243E4ABD00071324 /* Bodymark.swift in Sources */,
				8B90494B243E416D00071324 /* MapView.swift in Sources */,
				8B90491B243DB50400071324 /* SceneDelegate.swift in Sources */,
				8B90491D243DB50400071324 /* ContentView.swift in Sources */,
			);
			runOnlyForDeploymentPostprocessing = 0;
		};
		8B904927243DB50600071324 /* Sources */ = {
			isa = PBXSourcesBuildPhase;
			buildActionMask = 2147483647;
			files = (
				8B904930243DB50600071324 /* Covid19Tests.swift in Sources */,
			);
			runOnlyForDeploymentPostprocessing = 0;
		};
		8B904932243DB50600071324 /* Sources */ = {
			isa = PBXSourcesBuildPhase;
			buildActionMask = 2147483647;
			files = (
				8B90493B243DB50600071324 /* Covid19UITests.swift in Sources */,
			);
			runOnlyForDeploymentPostprocessing = 0;
		};
/* End PBXSourcesBuildPhase section */

/* Begin PBXTargetDependency section */
		8B90492D243DB50600071324 /* PBXTargetDependency */ = {
			isa = PBXTargetDependency;
			target = 8B904914243DB50400071324 /* Covid19 */;
			targetProxy = 8B90492C243DB50600071324 /* PBXContainerItemProxy */;
		};
		8B904938243DB50600071324 /* PBXTargetDependency */ = {
			isa = PBXTargetDependency;
			target = 8B904914243DB50400071324 /* Covid19 */;
			targetProxy = 8B904937243DB50600071324 /* PBXContainerItemProxy */;
		};
/* End PBXTargetDependency section */

/* Begin PBXVariantGroup section */
		8B904923243DB50600071324 /* LaunchScreen.storyboard */ = {
			isa = PBXVariantGroup;
			children = (
				8B904924243DB50600071324 /* Base */,
			);
			name = LaunchScreen.storyboard;
			sourceTree = "<group>";
		};
/* End PBXVariantGroup section */

/* Begin XCBuildConfiguration section */
		8B90493D243DB50700071324 /* Debug */ = {
			isa = XCBuildConfiguration;
			buildSettings = {
				ALWAYS_SEARCH_USER_PATHS = NO;
				CLANG_ANALYZER_NONNULL = YES;
				CLANG_ANALYZER_NUMBER_OBJECT_CONVERSION = YES_AGGRESSIVE;
				CLANG_CXX_LANGUAGE_STANDARD = "gnu++14";
				CLANG_CXX_LIBRARY = "libc++";
				CLANG_ENABLE_MODULES = YES;
				CLANG_ENABLE_OBJC_ARC = YES;
				CLANG_ENABLE_OBJC_WEAK = YES;
				CLANG_WARN_BLOCK_CAPTURE_AUTORELEASING = YES;
				CLANG_WARN_BOOL_CONVERSION = YES;
				CLANG_WARN_COMMA = YES;
				CLANG_WARN_CONSTANT_CONVERSION = YES;
				CLANG_WARN_DEPRECATED_OBJC_IMPLEMENTATIONS = YES;
				CLANG_WARN_DIRECT_OBJC_ISA_USAGE = YES_ERROR;
				CLANG_WARN_DOCUMENTATION_COMMENTS = YES;
				CLANG_WARN_EMPTY_BODY = YES;
				CLANG_WARN_ENUM_CONVERSION = YES;
				CLANG_WARN_INFINITE_RECURSION = YES;
				CLANG_WARN_INT_CONVERSION = YES;
				CLANG_WARN_NON_LITERAL_NULL_CONVERSION = YES;
				CLANG_WARN_OBJC_IMPLICIT_RETAIN_SELF = YES;
				CLANG_WARN_OBJC_LITERAL_CONVERSION = YES;
				CLANG_WARN_OBJC_ROOT_CLASS = YES_ERROR;
				CLANG_WARN_RANGE_LOOP_ANALYSIS = YES;
				CLANG_WARN_STRICT_PROTOTYPES = YES;
				CLANG_WARN_SUSPICIOUS_MOVE = YES;
				CLANG_WARN_UNGUARDED_AVAILABILITY = YES_AGGRESSIVE;
				CLANG_WARN_UNREACHABLE_CODE = YES;
				CLANG_WARN__DUPLICATE_METHOD_MATCH = YES;
				COPY_PHASE_STRIP = NO;
				DEBUG_INFORMATION_FORMAT = dwarf;
				ENABLE_STRICT_OBJC_MSGSEND = YES;
				ENABLE_TESTABILITY = YES;
				GCC_C_LANGUAGE_STANDARD = gnu11;
				GCC_DYNAMIC_NO_PIC = NO;
				GCC_NO_COMMON_BLOCKS = YES;
				GCC_OPTIMIZATION_LEVEL = 0;
				GCC_PREPROCESSOR_DEFINITIONS = (
					"DEBUG=1",
					"$(inherited)",
				);
				GCC_WARN_64_TO_32_BIT_CONVERSION = YES;
				GCC_WARN_ABOUT_RETURN_TYPE = YES_ERROR;
				GCC_WARN_UNDECLARED_SELECTOR = YES;
				GCC_WARN_UNINITIALIZED_AUTOS = YES_AGGRESSIVE;
				GCC_WARN_UNUSED_FUNCTION = YES;
				GCC_WARN_UNUSED_VARIABLE = YES;
				IPHONEOS_DEPLOYMENT_TARGET = 13.2;
				MTL_ENABLE_DEBUG_INFO = INCLUDE_SOURCE;
				MTL_FAST_MATH = YES;
				ONLY_ACTIVE_ARCH = YES;
				SDKROOT = iphoneos;
				SWIFT_ACTIVE_COMPILATION_CONDITIONS = DEBUG;
				SWIFT_OPTIMIZATION_LEVEL = "-Onone";
			};
			name = Debug;
		};
		8B90493E243DB50700071324 /* Release */ = {
			isa = XCBuildConfiguration;
			buildSettings = {
				ALWAYS_SEARCH_USER_PATHS = NO;
				CLANG_ANALYZER_NONNULL = YES;
				CLANG_ANALYZER_NUMBER_OBJECT_CONVERSION = YES_AGGRESSIVE;
				CLANG_CXX_LANGUAGE_STANDARD = "gnu++14";
				CLANG_CXX_LIBRARY = "libc++";
				CLANG_ENABLE_MODULES = YES;
				CLANG_ENABLE_OBJC_ARC = YES;
				CLANG_ENABLE_OBJC_WEAK = YES;
				CLANG_WARN_BLOCK_CAPTURE_AUTORELEASING = YES;
				CLANG_WARN_BOOL_CONVERSION = YES;
				CLANG_WARN_COMMA = YES;
				CLANG_WARN_CONSTANT_CONVERSION = YES;
				CLANG_WARN_DEPRECATED_OBJC_IMPLEMENTATIONS = YES;
				CLANG_WARN_DIRECT_OBJC_ISA_USAGE = YES_ERROR;
				CLANG_WARN_DOCUMENTATION_COMMENTS = YES;
				CLANG_WARN_EMPTY_BODY = YES;
				CLANG_WARN_ENUM_CONVERSION = YES;
				CLANG_WARN_INFINITE_RECURSION = YES;
				CLANG_WARN_INT_CONVERSION = YES;
				CLANG_WARN_NON_LITERAL_NULL_CONVERSION = YES;
				CLANG_WARN_OBJC_IMPLICIT_RETAIN_SELF = YES;
				CLANG_WARN_OBJC_LITERAL_CONVERSION = YES;
				CLANG_WARN_OBJC_ROOT_CLASS = YES_ERROR;
				CLANG_WARN_RANGE_LOOP_ANALYSIS = YES;
				CLANG_WARN_STRICT_PROTOTYPES = YES;
				CLANG_WARN_SUSPICIOUS_MOVE = YES;
				CLANG_WARN_UNGUARDED_AVAILABILITY = YES_AGGRESSIVE;
				CLANG_WARN_UNREACHABLE_CODE = YES;
				CLANG_WARN__DUPLICATE_METHOD_MATCH = YES;
				COPY_PHASE_STRIP = NO;
				DEBUG_INFORMATION_FORMAT = "dwarf-with-dsym";
				ENABLE_NS_ASSERTIONS = NO;
				ENABLE_STRICT_OBJC_MSGSEND = YES;
				GCC_C_LANGUAGE_STANDARD = gnu11;
				GCC_NO_COMMON_BLOCKS = YES;
				GCC_WARN_64_TO_32_BIT_CONVERSION = YES;
				GCC_WARN_ABOUT_RETURN_TYPE = YES_ERROR;
				GCC_WARN_UNDECLARED_SELECTOR = YES;
				GCC_WARN_UNINITIALIZED_AUTOS = YES_AGGRESSIVE;
				GCC_WARN_UNUSED_FUNCTION = YES;
				GCC_WARN_UNUSED_VARIABLE = YES;
				IPHONEOS_DEPLOYMENT_TARGET = 13.2;
				MTL_ENABLE_DEBUG_INFO = NO;
				MTL_FAST_MATH = YES;
				SDKROOT = iphoneos;
				SWIFT_COMPILATION_MODE = wholemodule;
				SWIFT_OPTIMIZATION_LEVEL = "-O";
				VALIDATE_PRODUCT = YES;
			};
			name = Release;
		};
		8B904940243DB50700071324 /* Debug */ = {
			isa = XCBuildConfiguration;
			buildSettings = {
				ASSETCATALOG_COMPILER_APPICON_NAME = AppIcon;
				CODE_SIGN_STYLE = Automatic;
				DEVELOPMENT_ASSET_PATHS = "\"Covid19/Preview Content\"";
				DEVELOPMENT_TEAM = T28GMGCKRH;
				ENABLE_PREVIEWS = YES;
				INFOPLIST_FILE = Covid19/Info.plist;
				LD_RUNPATH_SEARCH_PATHS = (
					"$(inherited)",
					"@executable_path/Frameworks",
				);
				PRODUCT_BUNDLE_IDENTIFIER = "CMKL-CIE.Covid19";
				PRODUCT_NAME = "$(TARGET_NAME)";
				SWIFT_VERSION = 5.0;
				TARGETED_DEVICE_FAMILY = "1,2";
			};
			name = Debug;
		};
		8B904941243DB50700071324 /* Release */ = {
			isa = XCBuildConfiguration;
			buildSettings = {
				ASSETCATALOG_COMPILER_APPICON_NAME = AppIcon;
				CODE_SIGN_STYLE = Automatic;
				DEVELOPMENT_ASSET_PATHS = "\"Covid19/Preview Content\"";
				DEVELOPMENT_TEAM = T28GMGCKRH;
				ENABLE_PREVIEWS = YES;
				INFOPLIST_FILE = Covid19/Info.plist;
				LD_RUNPATH_SEARCH_PATHS = (
					"$(inherited)",
					"@executable_path/Frameworks",
				);
				PRODUCT_BUNDLE_IDENTIFIER = "CMKL-CIE.Covid19";
				PRODUCT_NAME = "$(TARGET_NAME)";
				SWIFT_VERSION = 5.0;
				TARGETED_DEVICE_FAMILY = "1,2";
			};
			name = Release;
		};
		8B904943243DB50700071324 /* Debug */ = {
			isa = XCBuildConfiguration;
			buildSettings = {
				ALWAYS_EMBED_SWIFT_STANDARD_LIBRARIES = YES;
				BUNDLE_LOADER = "$(TEST_HOST)";
				CODE_SIGN_STYLE = Automatic;
				INFOPLIST_FILE = Covid19Tests/Info.plist;
				IPHONEOS_DEPLOYMENT_TARGET = 13.2;
				LD_RUNPATH_SEARCH_PATHS = (
					"$(inherited)",
					"@executable_path/Frameworks",
					"@loader_path/Frameworks",
				);
				PRODUCT_BUNDLE_IDENTIFIER = "CMKL-CIE.Covid19Tests";
				PRODUCT_NAME = "$(TARGET_NAME)";
				SWIFT_VERSION = 5.0;
				TARGETED_DEVICE_FAMILY = "1,2";
				TEST_HOST = "$(BUILT_PRODUCTS_DIR)/Covid19.app/Covid19";
			};
			name = Debug;
		};
		8B904944243DB50700071324 /* Release */ = {
			isa = XCBuildConfiguration;
			buildSettings = {
				ALWAYS_EMBED_SWIFT_STANDARD_LIBRARIES = YES;
				BUNDLE_LOADER = "$(TEST_HOST)";
				CODE_SIGN_STYLE = Automatic;
				INFOPLIST_FILE = Covid19Tests/Info.plist;
				IPHONEOS_DEPLOYMENT_TARGET = 13.2;
				LD_RUNPATH_SEARCH_PATHS = (
					"$(inherited)",
					"@executable_path/Frameworks",
					"@loader_path/Frameworks",
				);
				PRODUCT_BUNDLE_IDENTIFIER = "CMKL-CIE.Covid19Tests";
				PRODUCT_NAME = "$(TARGET_NAME)";
				SWIFT_VERSION = 5.0;
				TARGETED_DEVICE_FAMILY = "1,2";
				TEST_HOST = "$(BUILT_PRODUCTS_DIR)/Covid19.app/Covid19";
			};
			name = Release;
		};
		8B904946243DB50700071324 /* Debug */ = {
			isa = XCBuildConfiguration;
			buildSettings = {
				ALWAYS_EMBED_SWIFT_STANDARD_LIBRARIES = YES;
				CODE_SIGN_STYLE = Automatic;
				INFOPLIST_FILE = Covid19UITests/Info.plist;
				LD_RUNPATH_SEARCH_PATHS = (
					"$(inherited)",
					"@executable_path/Frameworks",
					"@loader_path/Frameworks",
				);
				PRODUCT_BUNDLE_IDENTIFIER = "CMKL-CIE.Covid19UITests";
				PRODUCT_NAME = "$(TARGET_NAME)";
				SWIFT_VERSION = 5.0;
				TARGETED_DEVICE_FAMILY = "1,2";
				TEST_TARGET_NAME = Covid19;
			};
			name = Debug;
		};
		8B904947243DB50700071324 /* Release */ = {
			isa = XCBuildConfiguration;
			buildSettings = {
				ALWAYS_EMBED_SWIFT_STANDARD_LIBRARIES = YES;
				CODE_SIGN_STYLE = Automatic;
				INFOPLIST_FILE = Covid19UITests/Info.plist;
				LD_RUNPATH_SEARCH_PATHS = (
					"$(inherited)",
					"@executable_path/Frameworks",
					"@loader_path/Frameworks",
				);
				PRODUCT_BUNDLE_IDENTIFIER = "CMKL-CIE.Covid19UITests";
				PRODUCT_NAME = "$(TARGET_NAME)";
				SWIFT_VERSION = 5.0;
				TARGETED_DEVICE_FAMILY = "1,2";
				TEST_TARGET_NAME = Covid19;
			};
			name = Release;
		};
/* End XCBuildConfiguration section */

/* Begin XCConfigurationList section */
		8B904910243DB50400071324 /* Build configuration list for PBXProject "Covid19" */ = {
			isa = XCConfigurationList;
			buildConfigurations = (
				8B90493D243DB50700071324 /* Debug */,
				8B90493E243DB50700071324 /* Release */,
			);
			defaultConfigurationIsVisible = 0;
			defaultConfigurationName = Release;
		};
		8B90493F243DB50700071324 /* Build configuration list for PBXNativeTarget "Covid19" */ = {
			isa = XCConfigurationList;
			buildConfigurations = (
				8B904940243DB50700071324 /* Debug */,
				8B904941243DB50700071324 /* Release */,
			);
			defaultConfigurationIsVisible = 0;
			defaultConfigurationName = Release;
		};
		8B904942243DB50700071324 /* Build configuration list for PBXNativeTarget "Covid19Tests" */ = {
			isa = XCConfigurationList;
			buildConfigurations = (
				8B904943243DB50700071324 /* Debug */,
				8B904944243DB50700071324 /* Release */,
			);
			defaultConfigurationIsVisible = 0;
			defaultConfigurationName = Release;
		};
		8B904945243DB50700071324 /* Build configuration list for PBXNativeTarget "Covid19UITests" */ = {
			isa = XCConfigurationList;
			buildConfigurations = (
				8B904946243DB50700071324 /* Debug */,
				8B904947243DB50700071324 /* Release */,
			);
			defaultConfigurationIsVisible = 0;
			defaultConfigurationName = Release;
		};
/* End XCConfigurationList section */
	};
	rootObject = 8B90490D243DB50400071324 /* Project object */;
}
